
Microsoft Visual Studio Solution File, Format Version 12.00
# Visual Studio Version 17
VisualStudioVersion = 17.14.36616.10 d17.14
MinimumVisualStudioVersion = 10.0.40219.1
Project("{FAE04EC0-301F-11D3-BF4B-00C04F79EFBC}") = "InventarioAPI", "InventarioAPI.csproj", "{EBE34868-78B7-45E0-B5E9-0E799CD90929}"
EndProject
Global
	GlobalSection(SolutionConfigurationPlatforms) = preSolution
		Debug|Any CPU = Debug|Any CPU
		Release|Any CPU = Release|Any CPU
	EndGlobalSection
	GlobalSection(ProjectConfigurationPlatforms) = postSolution
		{EBE34868-78B7-45E0-B5E9-0E799CD90929}.Debug|Any CPU.ActiveCfg = Debug|Any CPU
		{EBE34868-78B7-45E0-B5E9-0E799CD90929}.Debug|Any CPU.Build.0 = Debug|Any CPU
		{EBE34868-78B7-45E0-B5E9-0E799CD90929}.Release|Any CPU.ActiveCfg = Release|Any CPU
		{EBE34868-78B7-45E0-B5E9-0E799CD90929}.Release|Any CPU.Build.0 = Release|Any CPU
	EndGlobalSection
	GlobalSection(SolutionProperties) = preSolution
		HideSolutionNode = FALSE
	EndGlobalSection
	GlobalSection(ExtensibilityGlobals) = postSolution
		SolutionGuid = {C8C414E4-0903-43D3-8D9B-2C3445BB31D2}
	EndGlobalSection
EndGlobal
